// !$*UTF8*$!
{
	archiveVersion = 1;
	classes = {
	};
	objectVersion = 56;
	objects = {

/* Begin PBXBuildFile section */
		F0948EB22BC6A209006C958A /* sontouteladuree.mp3 in Resources */ = {isa = PBXBuildFile; fileRef = F0948EAF2BC6A209006C958A /* sontouteladuree.mp3 */; };
		F0948EB32BC6A209006C958A /* reponsefausse.mp3 in Resources */ = {isa = PBXBuildFile; fileRef = F0948EB02BC6A209006C958A /* reponsefausse.mp3 */; };
		F0948EB42BC6A209006C958A /* reponsevraie.mp3 in Resources */ = {isa = PBXBuildFile; fileRef = F0948EB12BC6A209006C958A /* reponsevraie.mp3 */; };
		F2149A0A2BC3FF6100EE8EFA /* questionsgeographie.json in Resources */ = {isa = PBXBuildFile; fileRef = F2149A092BC3FF6100EE8EFA /* questionsgeographie.json */; };
		F2149A0C2BC3FF6E00EE8EFA /* questionsfrancais.json in Resources */ = {isa = PBXBuildFile; fileRef = F2149A0B2BC3FF6E00EE8EFA /* questionsfrancais.json */; };
		F2149A0E2BC401F600EE8EFA /* questionsanglais.json in Resources */ = {isa = PBXBuildFile; fileRef = F2149A0D2BC401F600EE8EFA /* questionsanglais.json */; };
		F2149A122BC40AD200EE8EFA /* DiversViewController.swift in Sources */ = {isa = PBXBuildFile; fileRef = F2149A112BC40AD200EE8EFA /* DiversViewController.swift */; };
		F2149A142BC411BE00EE8EFA /* questionsdiverses.json in Resources */ = {isa = PBXBuildFile; fileRef = F2149A132BC411BE00EE8EFA /* questionsdiverses.json */; };
		F2672BE92BC3EA7600EE458B /* AnglaisViewController.swift in Sources */ = {isa = PBXBuildFile; fileRef = F2672BE82BC3EA7600EE458B /* AnglaisViewController.swift */; };
		F2672BEB2BC3EB9800EE458B /* FrancaisViewController.swift in Sources */ = {isa = PBXBuildFile; fileRef = F2672BEA2BC3EB9800EE458B /* FrancaisViewController.swift */; };
		F2EC04C12BB4363100F8833F /* AppDelegate.swift in Sources */ = {isa = PBXBuildFile; fileRef = F2EC04C02BB4363100F8833F /* AppDelegate.swift */; };
		F2EC04C32BB4363100F8833F /* SceneDelegate.swift in Sources */ = {isa = PBXBuildFile; fileRef = F2EC04C22BB4363100F8833F /* SceneDelegate.swift */; };
		F2EC04C52BB4363100F8833F /* ViewController.swift in Sources */ = {isa = PBXBuildFile; fileRef = F2EC04C42BB4363100F8833F /* ViewController.swift */; };
		F2EC04C82BB4363100F8833F /* Main.storyboard in Resources */ = {isa = PBXBuildFile; fileRef = F2EC04C62BB4363100F8833F /* Main.storyboard */; };
		F2EC04CA2BB4363200F8833F /* Assets.xcassets in Resources */ = {isa = PBXBuildFile; fileRef = F2EC04C92BB4363200F8833F /* Assets.xcassets */; };
		F2EC04CD2BB4363200F8833F /* LaunchScreen.storyboard in Resources */ = {isa = PBXBuildFile; fileRef = F2EC04CB2BB4363200F8833F /* LaunchScreen.storyboard */; };
		F2EC04D52BB4370800F8833F /* HistoireViewController.swift in Sources */ = {isa = PBXBuildFile; fileRef = F2EC04D42BB4370800F8833F /* HistoireViewController.swift */; };
/* End PBXBuildFile section */

/* Begin PBXFileReference section */
		F0948EAF2BC6A209006C958A /* sontouteladuree.mp3 */ = {isa = PBXFileReference; lastKnownFileType = audio.mp3; name = sontouteladuree.mp3; path = Sons/sontouteladuree.mp3; sourceTree = SOURCE_ROOT; };
		F0948EB02BC6A209006C958A /* reponsefausse.mp3 */ = {isa = PBXFileReference; lastKnownFileType = audio.mp3; name = reponsefausse.mp3; path = Sons/reponsefausse.mp3; sourceTree = SOURCE_ROOT; };
		F0948EB12BC6A209006C958A /* reponsevraie.mp3 */ = {isa = PBXFileReference; lastKnownFileType = audio.mp3; name = reponsevraie.mp3; path = Sons/reponsevraie.mp3; sourceTree = SOURCE_ROOT; };
		F2149A092BC3FF6100EE8EFA /* questionsgeographie.json */ = {isa = PBXFileReference; fileEncoding = 4; lastKnownFileType = text.json; path = questionsgeographie.json; sourceTree = "<group>"; };
		F2149A0B2BC3FF6E00EE8EFA /* questionsfrancais.json */ = {isa = PBXFileReference; fileEncoding = 4; lastKnownFileType = text.json; path = questionsfrancais.json; sourceTree = "<group>"; };
		F2149A0D2BC401F600EE8EFA /* questionsanglais.json */ = {isa = PBXFileReference; fileEncoding = 4; lastKnownFileType = text.json; path = questionsanglais.json; sourceTree = "<group>"; };
		F2149A112BC40AD200EE8EFA /* DiversViewController.swift */ = {isa = PBXFileReference; lastKnownFileType = sourcecode.swift; path = DiversViewController.swift; sourceTree = "<group>"; };
		F2149A132BC411BE00EE8EFA /* questionsdiverses.json */ = {isa = PBXFileReference; fileEncoding = 4; lastKnownFileType = text.json; path = questionsdiverses.json; sourceTree = "<group>"; };
		F2672BE82BC3EA7600EE458B /* AnglaisViewController.swift */ = {isa = PBXFileReference; lastKnownFileType = sourcecode.swift; path = AnglaisViewController.swift; sourceTree = "<group>"; };
		F2672BEA2BC3EB9800EE458B /* FrancaisViewController.swift */ = {isa = PBXFileReference; lastKnownFileType = sourcecode.swift; path = FrancaisViewController.swift; sourceTree = "<group>"; };
		F2EC04BD2BB4363100F8833F /* QuizProjet.app */ = {isa = PBXFileReference; explicitFileType = wrapper.application; includeInIndex = 0; path = QuizProjet.app; sourceTree = BUILT_PRODUCTS_DIR; };
		F2EC04C02BB4363100F8833F /* AppDelegate.swift */ = {isa = PBXFileReference; lastKnownFileType = sourcecode.swift; path = AppDelegate.swift; sourceTree = "<group>"; };
		F2EC04C22BB4363100F8833F /* SceneDelegate.swift */ = {isa = PBXFileReference; lastKnownFileType = sourcecode.swift; path = SceneDelegate.swift; sourceTree = "<group>"; };
		F2EC04C42BB4363100F8833F /* ViewController.swift */ = {isa = PBXFileReference; lastKnownFileType = sourcecode.swift; path = ViewController.swift; sourceTree = "<group>"; };
		F2EC04C72BB4363100F8833F /* Base */ = {isa = PBXFileReference; lastKnownFileType = file.storyboard; name = Base; path = Base.lproj/Main.storyboard; sourceTree = "<group>"; };
		F2EC04C92BB4363200F8833F /* Assets.xcassets */ = {isa = PBXFileReference; lastKnownFileType = folder.assetcatalog; path = Assets.xcassets; sourceTree = "<group>"; };
		F2EC04CC2BB4363200F8833F /* Base */ = {isa = PBXFileReference; lastKnownFileType = file.storyboard; name = Base; path = Base.lproj/LaunchScreen.storyboard; sourceTree = "<group>"; };
		F2EC04CE2BB4363200F8833F /* Info.plist */ = {isa = PBXFileReference; lastKnownFileType = text.plist.xml; path = Info.plist; sourceTree = "<group>"; };
		F2EC04D42BB4370800F8833F /* HistoireViewController.swift */ = {isa = PBXFileReference; lastKnownFileType = sourcecode.swift; name = HistoireViewController.swift; path = QuizProjet/HistoireViewController.swift; sourceTree = SOURCE_ROOT; };
/* End PBXFileReference section */

/* Begin PBXFrameworksBuildPhase section */
		F2EC04BA2BB4363100F8833F /* Frameworks */ = {
			isa = PBXFrameworksBuildPhase;
			buildActionMask = 2147483647;
			files = (
			);
			runOnlyForDeploymentPostprocessing = 0;
		};
/* End PBXFrameworksBuildPhase section */

/* Begin PBXGroup section */
		F2EC04B42BB4363100F8833F = {
			isa = PBXGroup;
			children = (
				F2EC04BF2BB4363100F8833F /* QuizProjet */,
				F2EC04BE2BB4363100F8833F /* Products */,
			);
			sourceTree = "<group>";
		};
		F2EC04BE2BB4363100F8833F /* Products */ = {
			isa = PBXGroup;
			children = (
				F2EC04BD2BB4363100F8833F /* QuizProjet.app */,
			);
			name = Products;
			sourceTree = "<group>";
		};
		F2EC04BF2BB4363100F8833F /* QuizProjet */ = {
			isa = PBXGroup;
			children = (
				F2EC04C02BB4363100F8833F /* AppDelegate.swift */,
				F2EC04C22BB4363100F8833F /* SceneDelegate.swift */,
				F2EC04C42BB4363100F8833F /* ViewController.swift */,
				F2672BE82BC3EA7600EE458B /* AnglaisViewController.swift */,
				F2149A112BC40AD200EE8EFA /* DiversViewController.swift */,
				F2672BEA2BC3EB9800EE458B /* FrancaisViewController.swift */,
				F2EC04D42BB4370800F8833F /* HistoireViewController.swift */,
				F2EC04C62BB4363100F8833F /* Main.storyboard */,
				F2EC04C92BB4363200F8833F /* Assets.xcassets */,
				F2EC04CB2BB4363200F8833F /* LaunchScreen.storyboard */,
				F2EC04CE2BB4363200F8833F /* Info.plist */,
				F2149A0D2BC401F600EE8EFA /* questionsanglais.json */,
				F2149A132BC411BE00EE8EFA /* questionsdiverses.json */,
				F2149A0B2BC3FF6E00EE8EFA /* questionsfrancais.json */,
				F2149A092BC3FF6100EE8EFA /* questionsgeographie.json */,
				F0948EB02BC6A209006C958A /* reponsefausse.mp3 */,
				F0948EB12BC6A209006C958A /* reponsevraie.mp3 */,
				F0948EAF2BC6A209006C958A /* sontouteladuree.mp3 */,
			);
			path = QuizProjet;
			sourceTree = "<group>";
		};
/* End PBXGroup section */

/* Begin PBXNativeTarget section */
		F2EC04BC2BB4363100F8833F /* QuizProjet */ = {
			isa = PBXNativeTarget;
			buildConfigurationList = F2EC04D12BB4363200F8833F /* Build configuration list for PBXNativeTarget "QuizProjet" */;
			buildPhases = (
				F2EC04B92BB4363100F8833F /* Sources */,
				F2EC04BA2BB4363100F8833F /* Frameworks */,
				F2EC04BB2BB4363100F8833F /* Resources */,
			);
			buildRules = (
			);
			dependencies = (
			);
			name = QuizProjet;
			productName = QuizProjet;
			productReference = F2EC04BD2BB4363100F8833F /* QuizProjet.app */;
			productType = "com.apple.product-type.application";
		};
/* End PBXNativeTarget section */

/* Begin PBXProject section */
		F2EC04B52BB4363100F8833F /* Project object */ = {
			isa = PBXProject;
			attributes = {
				BuildIndependentTargetsInParallel = 1;
				LastSwiftUpdateCheck = 1430;
				LastUpgradeCheck = 1430;
				TargetAttributes = {
					F2EC04BC2BB4363100F8833F = {
						CreatedOnToolsVersion = 14.3;
					};
				};
			};
			buildConfigurationList = F2EC04B82BB4363100F8833F /* Build configuration list for PBXProject "QuizProjet" */;
			compatibilityVersion = "Xcode 14.0";
			developmentRegion = en;
			hasScannedForEncodings = 0;
			knownRegions = (
				en,
				Base,
			);
			mainGroup = F2EC04B42BB4363100F8833F;
			productRefGroup = F2EC04BE2BB4363100F8833F /* Products */;
			projectDirPath = "";
			projectRoot = "";
			targets = (
				F2EC04BC2BB4363100F8833F /* QuizProjet */,
			);
		};
/* End PBXProject section */

/* Begin PBXResourcesBuildPhase section */
		F2EC04BB2BB4363100F8833F /* Resources */ = {
			isa = PBXResourcesBuildPhase;
			buildActionMask = 2147483647;
			files = (
				F2EC04CD2BB4363200F8833F /* LaunchScreen.storyboard in Resources */,
				F0948EB22BC6A209006C958A /* sontouteladuree.mp3 in Resources */,
				F0948EB32BC6A209006C958A /* reponsefausse.mp3 in Resources */,
				F2149A0E2BC401F600EE8EFA /* questionsanglais.json in Resources */,
				F2EC04CA2BB4363200F8833F /* Assets.xcassets in Resources */,
				F2149A0A2BC3FF6100EE8EFA /* questionsgeographie.json in Resources */,
				F2149A0C2BC3FF6E00EE8EFA /* questionsfrancais.json in Resources */,
				F0948EB42BC6A209006C958A /* reponsevraie.mp3 in Resources */,
				F2149A142BC411BE00EE8EFA /* questionsdiverses.json in Resources */,
				F2EC04C82BB4363100F8833F /* Main.storyboard in Resources */,
			);
			runOnlyForDeploymentPostprocessing = 0;
		};
/* End PBXResourcesBuildPhase section */

/* Begin PBXSourcesBuildPhase section */
		F2EC04B92BB4363100F8833F /* Sources */ = {
			isa = PBXSourcesBuildPhase;
			buildActionMask = 2147483647;
			files = (
				F2672BEB2BC3EB9800EE458B /* FrancaisViewController.swift in Sources */,
				F2EC04C52BB4363100F8833F /* ViewController.swift in Sources */,
				F2672BE92BC3EA7600EE458B /* AnglaisViewController.swift in Sources */,
				F2EC04D52BB4370800F8833F /* HistoireViewController.swift in Sources */,
				F2EC04C12BB4363100F8833F /* AppDelegate.swift in Sources */,
				F2EC04C32BB4363100F8833F /* SceneDelegate.swift in Sources */,
				F2149A122BC40AD200EE8EFA /* DiversViewController.swift in Sources */,
			);
			runOnlyForDeploymentPostprocessing = 0;
		};
/* End PBXSourcesBuildPhase section */

/* Begin PBXVariantGroup section */
		F2EC04C62BB4363100F8833F /* Main.storyboard */ = {
			isa = PBXVariantGroup;
			children = (
				F2EC04C72BB4363100F8833F /* Base */,
			);
			name = Main.storyboard;
			sourceTree = "<group>";
		};
		F2EC04CB2BB4363200F8833F /* LaunchScreen.storyboard */ = {
			isa = PBXVariantGroup;
			children = (
				F2EC04CC2BB4363200F8833F /* Base */,
			);
			name = LaunchScreen.storyboard;
			sourceTree = "<group>";
		};
/* End PBXVariantGroup section */

/* Begin XCBuildConfiguration section */
		F2EC04CF2BB4363200F8833F /* Debug */ = {
			isa = XCBuildConfiguration;
			buildSettings = {
				ALWAYS_SEARCH_USER_PATHS = NO;
				CLANG_ANALYZER_NONNULL = YES;
				CLANG_ANALYZER_NUMBER_OBJECT_CONVERSION = YES_AGGRESSIVE;
				CLANG_CXX_LANGUAGE_STANDARD = "gnu++20";
				CLANG_ENABLE_MODULES = YES;
				CLANG_ENABLE_OBJC_ARC = YES;
				CLANG_ENABLE_OBJC_WEAK = YES;
				CLANG_WARN_BLOCK_CAPTURE_AUTORELEASING = YES;
				CLANG_WARN_BOOL_CONVERSION = YES;
				CLANG_WARN_COMMA = YES;
				CLANG_WARN_CONSTANT_CONVERSION = YES;
				CLANG_WARN_DEPRECATED_OBJC_IMPLEMENTATIONS = YES;
				CLANG_WARN_DIRECT_OBJC_ISA_USAGE = YES_ERROR;
				CLANG_WARN_DOCUMENTATION_COMMENTS = YES;
				CLANG_WARN_EMPTY_BODY = YES;
				CLANG_WARN_ENUM_CONVERSION = YES;
				CLANG_WARN_INFINITE_RECURSION = YES;
				CLANG_WARN_INT_CONVERSION = YES;
				CLANG_WARN_NON_LITERAL_NULL_CONVERSION = YES;
				CLANG_WARN_OBJC_IMPLICIT_RETAIN_SELF = YES;
				CLANG_WARN_OBJC_LITERAL_CONVERSION = YES;
				CLANG_WARN_OBJC_ROOT_CLASS = YES_ERROR;
				CLANG_WARN_QUOTED_INCLUDE_IN_FRAMEWORK_HEADER = YES;
				CLANG_WARN_RANGE_LOOP_ANALYSIS = YES;
				CLANG_WARN_STRICT_PROTOTYPES = YES;
				CLANG_WARN_SUSPICIOUS_MOVE = YES;
				CLANG_WARN_UNGUARDED_AVAILABILITY = YES_AGGRESSIVE;
				CLANG_WARN_UNREACHABLE_CODE = YES;
				CLANG_WARN__DUPLICATE_METHOD_MATCH = YES;
				COPY_PHASE_STRIP = NO;
				DEBUG_INFORMATION_FORMAT = dwarf;
				ENABLE_STRICT_OBJC_MSGSEND = YES;
				ENABLE_TESTABILITY = YES;
				GCC_C_LANGUAGE_STANDARD = gnu11;
				GCC_DYNAMIC_NO_PIC = NO;
				GCC_NO_COMMON_BLOCKS = YES;
				GCC_OPTIMIZATION_LEVEL = 0;
				GCC_PREPROCESSOR_DEFINITIONS = (
					"DEBUG=1",
					"$(inherited)",
				);
				GCC_WARN_64_TO_32_BIT_CONVERSION = YES;
				GCC_WARN_ABOUT_RETURN_TYPE = YES_ERROR;
				GCC_WARN_UNDECLARED_SELECTOR = YES;
				GCC_WARN_UNINITIALIZED_AUTOS = YES_AGGRESSIVE;
				GCC_WARN_UNUSED_FUNCTION = YES;
				GCC_WARN_UNUSED_VARIABLE = YES;
				IPHONEOS_DEPLOYMENT_TARGET = 16.4;
				MTL_ENABLE_DEBUG_INFO = INCLUDE_SOURCE;
				MTL_FAST_MATH = YES;
				ONLY_ACTIVE_ARCH = YES;
				SDKROOT = iphoneos;
				SWIFT_ACTIVE_COMPILATION_CONDITIONS = DEBUG;
				SWIFT_OPTIMIZATION_LEVEL = "-Onone";
			};
			name = Debug;
		};
		F2EC04D02BB4363200F8833F /* Release */ = {
			isa = XCBuildConfiguration;
			buildSettings = {
				ALWAYS_SEARCH_USER_PATHS = NO;
				CLANG_ANALYZER_NONNULL = YES;
				CLANG_ANALYZER_NUMBER_OBJECT_CONVERSION = YES_AGGRESSIVE;
				CLANG_CXX_LANGUAGE_STANDARD = "gnu++20";
				CLANG_ENABLE_MODULES = YES;
				CLANG_ENABLE_OBJC_ARC = YES;
				CLANG_ENABLE_OBJC_WEAK = YES;
				CLANG_WARN_BLOCK_CAPTURE_AUTORELEASING = YES;
				CLANG_WARN_BOOL_CONVERSION = YES;
				CLANG_WARN_COMMA = YES;
				CLANG_WARN_CONSTANT_CONVERSION = YES;
				CLANG_WARN_DEPRECATED_OBJC_IMPLEMENTATIONS = YES;
				CLANG_WARN_DIRECT_OBJC_ISA_USAGE = YES_ERROR;
				CLANG_WARN_DOCUMENTATION_COMMENTS = YES;
				CLANG_WARN_EMPTY_BODY = YES;
				CLANG_WARN_ENUM_CONVERSION = YES;
				CLANG_WARN_INFINITE_RECURSION = YES;
				CLANG_WARN_INT_CONVERSION = YES;
				CLANG_WARN_NON_LITERAL_NULL_CONVERSION = YES;
				CLANG_WARN_OBJC_IMPLICIT_RETAIN_SELF = YES;
				CLANG_WARN_OBJC_LITERAL_CONVERSION = YES;
				CLANG_WARN_OBJC_ROOT_CLASS = YES_ERROR;
				CLANG_WARN_QUOTED_INCLUDE_IN_FRAMEWORK_HEADER = YES;
				CLANG_WARN_RANGE_LOOP_ANALYSIS = YES;
				CLANG_WARN_STRICT_PROTOTYPES = YES;
				CLANG_WARN_SUSPICIOUS_MOVE = YES;
				CLANG_WARN_UNGUARDED_AVAILABILITY = YES_AGGRESSIVE;
				CLANG_WARN_UNREACHABLE_CODE = YES;
				CLANG_WARN__DUPLICATE_METHOD_MATCH = YES;
				COPY_PHASE_STRIP = NO;
				DEBUG_INFORMATION_FORMAT = "dwarf-with-dsym";
				ENABLE_NS_ASSERTIONS = NO;
				ENABLE_STRICT_OBJC_MSGSEND = YES;
				GCC_C_LANGUAGE_STANDARD = gnu11;
				GCC_NO_COMMON_BLOCKS = YES;
				GCC_WARN_64_TO_32_BIT_CONVERSION = YES;
				GCC_WARN_ABOUT_RETURN_TYPE = YES_ERROR;
				GCC_WARN_UNDECLARED_SELECTOR = YES;
				GCC_WARN_UNINITIALIZED_AUTOS = YES_AGGRESSIVE;
				GCC_WARN_UNUSED_FUNCTION = YES;
				GCC_WARN_UNUSED_VARIABLE = YES;
				IPHONEOS_DEPLOYMENT_TARGET = 16.4;
				MTL_ENABLE_DEBUG_INFO = NO;
				MTL_FAST_MATH = YES;
				SDKROOT = iphoneos;
				SWIFT_COMPILATION_MODE = wholemodule;
				SWIFT_OPTIMIZATION_LEVEL = "-O";
				VALIDATE_PRODUCT = YES;
			};
			name = Release;
		};
		F2EC04D22BB4363200F8833F /* Debug */ = {
			isa = XCBuildConfiguration;
			buildSettings = {
				ASSETCATALOG_COMPILER_APPICON_NAME = AppIcon;
				ASSETCATALOG_COMPILER_GLOBAL_ACCENT_COLOR_NAME = AccentColor;
				CODE_SIGN_STYLE = Automatic;
				CURRENT_PROJECT_VERSION = 1;
				GENERATE_INFOPLIST_FILE = YES;
				INFOPLIST_FILE = QuizProjet/Info.plist;
				INFOPLIST_KEY_UIApplicationSupportsIndirectInputEvents = YES;
				INFOPLIST_KEY_UILaunchStoryboardName = LaunchScreen;
				INFOPLIST_KEY_UIMainStoryboardFile = Main;
				INFOPLIST_KEY_UISupportedInterfaceOrientations_iPad = "UIInterfaceOrientationPortrait UIInterfaceOrientationPortraitUpsideDown UIInterfaceOrientationLandscapeLeft UIInterfaceOrientationLandscapeRight";
				INFOPLIST_KEY_UISupportedInterfaceOrientations_iPhone = "UIInterfaceOrientationPortrait UIInterfaceOrientationLandscapeLeft UIInterfaceOrientationLandscapeRight";
				LD_RUNPATH_SEARCH_PATHS = (
					"$(inherited)",
					"@executable_path/Frameworks",
				);
				MARKETING_VERSION = 1.0;
				PRODUCT_BUNDLE_IDENTIFIER = icom.QuizProjet;
				PRODUCT_NAME = "$(TARGET_NAME)";
				SWIFT_EMIT_LOC_STRINGS = YES;
				SWIFT_VERSION = 5.0;
				TARGETED_DEVICE_FAMILY = "1,2";
			};
			name = Debug;
		};
		F2EC04D32BB4363200F8833F /* Release */ = {
			isa = XCBuildConfiguration;
			buildSettings = {
				ASSETCATALOG_COMPILER_APPICON_NAME = AppIcon;
				ASSETCATALOG_COMPILER_GLOBAL_ACCENT_COLOR_NAME = AccentColor;
				CODE_SIGN_STYLE = Automatic;
				CURRENT_PROJECT_VERSION = 1;
				GENERATE_INFOPLIST_FILE = YES;
				INFOPLIST_FILE = QuizProjet/Info.plist;
				INFOPLIST_KEY_UIApplicationSupportsIndirectInputEvents = YES;
				INFOPLIST_KEY_UILaunchStoryboardName = LaunchScreen;
				INFOPLIST_KEY_UIMainStoryboardFile = Main;
				INFOPLIST_KEY_UISupportedInterfaceOrientations_iPad = "UIInterfaceOrientationPortrait UIInterfaceOrientationPortraitUpsideDown UIInterfaceOrientationLandscapeLeft UIInterfaceOrientationLandscapeRight";
				INFOPLIST_KEY_UISupportedInterfaceOrientations_iPhone = "UIInterfaceOrientationPortrait UIInterfaceOrientationLandscapeLeft UIInterfaceOrientationLandscapeRight";
				LD_RUNPATH_SEARCH_PATHS = (
					"$(inherited)",
					"@executable_path/Frameworks",
				);
				MARKETING_VERSION = 1.0;
				PRODUCT_BUNDLE_IDENTIFIER = icom.QuizProjet;
				PRODUCT_NAME = "$(TARGET_NAME)";
				SWIFT_EMIT_LOC_STRINGS = YES;
				SWIFT_VERSION = 5.0;
				TARGETED_DEVICE_FAMILY = "1,2";
			};
			name = Release;
		};
/* End XCBuildConfiguration section */

/* Begin XCConfigurationList section */
		F2EC04B82BB4363100F8833F /* Build configuration list for PBXProject "QuizProjet" */ = {
			isa = XCConfigurationList;
			buildConfigurations = (
				F2EC04CF2BB4363200F8833F /* Debug */,
				F2EC04D02BB4363200F8833F /* Release */,
			);
			defaultConfigurationIsVisible = 0;
			defaultConfigurationName = Release;
		};
		F2EC04D12BB4363200F8833F /* Build configuration list for PBXNativeTarget "QuizProjet" */ = {
			isa = XCConfigurationList;
			buildConfigurations = (
				F2EC04D22BB4363200F8833F /* Debug */,
				F2EC04D32BB4363200F8833F /* Release */,
			);
			defaultConfigurationIsVisible = 0;
			defaultConfigurationName = Release;
		};
/* End XCConfigurationList section */
	};
	rootObject = F2EC04B52BB4363100F8833F /* Project object */;
}
